
Microsoft Visual Studio Solution File, Format Version 12.00
# Visual Studio Version 16
VisualStudioVersion = 16.0.31410.223
MinimumVisualStudioVersion = 10.0.40219.1
Project("{FAE04EC0-301F-11D3-BF4B-00C04F79EFBC}") = "Gangetabeller", "Gangetabeller.csproj", "{CA6E76FC-2F13-4D4C-A101-9450B8CE0E7D}"
EndProject
Global
	GlobalSection(SolutionConfigurationPlatforms) = preSolution
		Debug|Any CPU = Debug|Any CPU
		Release|Any CPU = Release|Any CPU
	EndGlobalSection
	GlobalSection(ProjectConfigurationPlatforms) = postSolution
		{CA6E76FC-2F13-4D4C-A101-9450B8CE0E7D}.Debug|Any CPU.ActiveCfg = Debug|Any CPU
		{CA6E76FC-2F13-4D4C-A101-9450B8CE0E7D}.Debug|Any CPU.Build.0 = Debug|Any CPU
		{CA6E76FC-2F13-4D4C-A101-9450B8CE0E7D}.Release|Any CPU.ActiveCfg = Release|Any CPU
		{CA6E76FC-2F13-4D4C-A101-9450B8CE0E7D}.Release|Any CPU.Build.0 = Release|Any CPU
	EndGlobalSection
	GlobalSection(SolutionProperties) = preSolution
		HideSolutionNode = FALSE
	EndGlobalSection
	GlobalSection(ExtensibilityGlobals) = postSolution
		SolutionGuid = {529B1569-6A91-49C8-AAD5-A30BC8D5F6E8}
	EndGlobalSection
EndGlobal
